
Microsoft Visual Studio Solution File, Format Version 12.00
# Visual Studio 2013
VisualStudioVersion = 12.0.40629.0
MinimumVisualStudioVersion = 10.0.40219.1
Project("{2150E333-8FDC-42A3-9474-1A3956D46DE8}") = "Gui", "Gui", "{23885097-BE81-43C6-8F13-B2FDD2DD3DC2}"
EndProject
Project("{FAE04EC0-301F-11D3-BF4B-00C04F79EFBC}") = "Proximity.Gui", "Source\Proximity.Gui\Proximity.Gui.csproj", "{F5311886-C6D6-443F-882B-BED1FD77E73A}"
EndProject
Project("{FAE04EC0-301F-11D3-BF4B-00C04F79EFBC}") = "Proximity.Gui.GtkSharp", "Source\Proximity.Gui.GtkSharp\Proximity.Gui.GtkSharp.csproj", "{BCFF6550-9E25-4350-A9A9-EDE6CC7B9AA4}"
EndProject
Project("{FAE04EC0-301F-11D3-BF4B-00C04F79EFBC}") = "Proximity.Gui.Wpf", "Source\Proximity.Gui.Wpf\Proximity.Gui.Wpf.csproj", "{F62A91AA-5E83-4BAA-838E-2A609C1321C2}"
EndProject
Project("{FAE04EC0-301F-11D3-BF4B-00C04F79EFBC}") = "Proximity.Gui.WinForms", "Source\Proximity.Gui.WinForms\Proximity.Gui.WinForms.csproj", "{538BA082-F967-4591-B656-F958F1AEFFC4}"
EndProject
Project("{FAE04EC0-301F-11D3-BF4B-00C04F79EFBC}") = "Proximity.Utility.Tests", "Tests\Proximity.Utility\Proximity.Utility.Tests.csproj", "{887C7D16-0E23-4055-8535-46AA76DD4DEA}"
EndProject
Project("{FAE04EC0-301F-11D3-BF4B-00C04F79EFBC}") = "Proximity.Terminal", "Source\Proximity.Terminal\Proximity.Terminal.csproj", "{8D2F9F27-59FA-4357-982F-803007388FB7}"
EndProject
Project("{2150E333-8FDC-42A3-9474-1A3956D46DE8}") = "Utility", "Utility", "{A288420E-CE92-438D-9DB5-C16C15CACD1F}"
	ProjectSection(SolutionItems) = preProject
		Build\Proximity.Utility\Proximity.Utility.nuspec = Build\Proximity.Utility\Proximity.Utility.nuspec
	EndProjectSection
EndProject
Project("{D954291E-2A0B-460D-934E-DC6B0785DB48}") = "Proximity.Utility", "Source\Proximity.Utility\Proximity.Utility.shproj", "{8726484B-16D6-487F-84E2-D4EA5BCE46BF}"
EndProject
Project("{FAE04EC0-301F-11D3-BF4B-00C04F79EFBC}") = "Proximity.Utility.Net45", "Source\Proximity.Utility.Net45\Proximity.Utility.Net45.csproj", "{5E14F771-3B14-422D-8B4C-26D50A7657FC}"
EndProject
Project("{FAE04EC0-301F-11D3-BF4B-00C04F79EFBC}") = "Proximity.Utility.Net40", "Source\Proximity.Utility.Net40\Proximity.Utility.Net40.csproj", "{2CC4A798-C7D5-44B8-9F3F-171E2CC051CB}"
EndProject
Project("{FAE04EC0-301F-11D3-BF4B-00C04F79EFBC}") = "Proximity.Utility.iOS", "Source\Proximity.Utility.iOS\Proximity.Utility.iOS.csproj", "{94F0C3EA-0212-424B-BC39-67E00AB881EA}"
EndProject
Project("{FAE04EC0-301F-11D3-BF4B-00C04F79EFBC}") = "Proximity.Utility.Android", "Source\Proximity.Utility.Android\Proximity.Utility.Android.csproj", "{977ABA39-B89E-437A-9758-7395C68D4EE3}"
EndProject
Project("{2150E333-8FDC-42A3-9474-1A3956D46DE8}") = "Terminal", "Terminal", "{89132967-DFF2-4130-B675-9BD48992A68E}"
	ProjectSection(SolutionItems) = preProject
		Build\Proximity.Terminal\Proximity.Terminal.nuspec = Build\Proximity.Terminal\Proximity.Terminal.nuspec
	EndProjectSection
EndProject
Project("{2150E333-8FDC-42A3-9474-1A3956D46DE8}") = "Tests", "Tests", "{AD24E051-CE39-492E-9197-151B51C0C893}"
EndProject
Project("{FAE04EC0-301F-11D3-BF4B-00C04F79EFBC}") = "Proximity.Utility.Portable", "Source\Proximity.Utility.Portable\Proximity.Utility.Portable.csproj", "{E1E80F09-B342-4CFA-9BFA-9690B9148502}"
EndProject
Global
	GlobalSection(SharedMSBuildProjectFiles) = preSolution
		Source\Proximity.Utility\Proximity.Utility.projitems*{e1e80f09-b342-4cfa-9bfa-9690b9148502}*SharedItemsImports = 4
		Source\Proximity.Utility\Proximity.Utility.projitems*{94f0c3ea-0212-424b-bc39-67e00ab881ea}*SharedItemsImports = 4
		Source\Proximity.Utility\Proximity.Utility.projitems*{2cc4a798-c7d5-44b8-9f3f-171e2cc051cb}*SharedItemsImports = 4
		Source\Proximity.Utility\Proximity.Utility.projitems*{5e14f771-3b14-422d-8b4c-26d50a7657fc}*SharedItemsImports = 4
		Source\Proximity.Utility\Proximity.Utility.projitems*{8726484b-16d6-487f-84e2-d4ea5bce46bf}*SharedItemsImports = 13
		Source\Proximity.Utility\Proximity.Utility.projitems*{977aba39-b89e-437a-9758-7395c68d4ee3}*SharedItemsImports = 4
	EndGlobalSection
	GlobalSection(SolutionConfigurationPlatforms) = preSolution
		Debug|Any CPU = Debug|Any CPU
		Debug|Mixed Platforms = Debug|Mixed Platforms
		Debug|Net40 = Debug|Net40
		Debug|Net45 = Debug|Net45
		Release|Any CPU = Release|Any CPU
		Release|Mixed Platforms = Release|Mixed Platforms
		Release|Net40 = Release|Net40
		Release|Net45 = Release|Net45
	EndGlobalSection
	GlobalSection(ProjectConfigurationPlatforms) = postSolution
		{F5311886-C6D6-443F-882B-BED1FD77E73A}.Debug|Any CPU.ActiveCfg = Debug|Any CPU
		{F5311886-C6D6-443F-882B-BED1FD77E73A}.Debug|Any CPU.Build.0 = Debug|Any CPU
		{F5311886-C6D6-443F-882B-BED1FD77E73A}.Debug|Mixed Platforms.ActiveCfg = Debug|Any CPU
		{F5311886-C6D6-443F-882B-BED1FD77E73A}.Debug|Mixed Platforms.Build.0 = Debug|Any CPU
		{F5311886-C6D6-443F-882B-BED1FD77E73A}.Debug|Net40.ActiveCfg = Debug|Any CPU
		{F5311886-C6D6-443F-882B-BED1FD77E73A}.Debug|Net45.ActiveCfg = Debug|Any CPU
		{F5311886-C6D6-443F-882B-BED1FD77E73A}.Release|Any CPU.ActiveCfg = Release|Any CPU
		{F5311886-C6D6-443F-882B-BED1FD77E73A}.Release|Any CPU.Build.0 = Release|Any CPU
		{F5311886-C6D6-443F-882B-BED1FD77E73A}.Release|Mixed Platforms.ActiveCfg = Release|Any CPU
		{F5311886-C6D6-443F-882B-BED1FD77E73A}.Release|Mixed Platforms.Build.0 = Release|Any CPU
		{F5311886-C6D6-443F-882B-BED1FD77E73A}.Release|Net40.ActiveCfg = Release|Any CPU
		{F5311886-C6D6-443F-882B-BED1FD77E73A}.Release|Net45.ActiveCfg = Release|Any CPU
		{BCFF6550-9E25-4350-A9A9-EDE6CC7B9AA4}.Debug|Any CPU.ActiveCfg = Debug|Any CPU
		{BCFF6550-9E25-4350-A9A9-EDE6CC7B9AA4}.Debug|Any CPU.Build.0 = Debug|Any CPU
		{BCFF6550-9E25-4350-A9A9-EDE6CC7B9AA4}.Debug|Mixed Platforms.ActiveCfg = Debug|Any CPU
		{BCFF6550-9E25-4350-A9A9-EDE6CC7B9AA4}.Debug|Mixed Platforms.Build.0 = Debug|Any CPU
		{BCFF6550-9E25-4350-A9A9-EDE6CC7B9AA4}.Debug|Net40.ActiveCfg = Debug|Any CPU
		{BCFF6550-9E25-4350-A9A9-EDE6CC7B9AA4}.Debug|Net45.ActiveCfg = Debug|Any CPU
		{BCFF6550-9E25-4350-A9A9-EDE6CC7B9AA4}.Release|Any CPU.ActiveCfg = Release|Any CPU
		{BCFF6550-9E25-4350-A9A9-EDE6CC7B9AA4}.Release|Any CPU.Build.0 = Release|Any CPU
		{BCFF6550-9E25-4350-A9A9-EDE6CC7B9AA4}.Release|Mixed Platforms.ActiveCfg = Release|Any CPU
		{BCFF6550-9E25-4350-A9A9-EDE6CC7B9AA4}.Release|Mixed Platforms.Build.0 = Release|Any CPU
		{BCFF6550-9E25-4350-A9A9-EDE6CC7B9AA4}.Release|Net40.ActiveCfg = Release|Any CPU
		{BCFF6550-9E25-4350-A9A9-EDE6CC7B9AA4}.Release|Net45.ActiveCfg = Release|Any CPU
		{F62A91AA-5E83-4BAA-838E-2A609C1321C2}.Debug|Any CPU.ActiveCfg = Debug|Any CPU
		{F62A91AA-5E83-4BAA-838E-2A609C1321C2}.Debug|Any CPU.Build.0 = Debug|Any CPU
		{F62A91AA-5E83-4BAA-838E-2A609C1321C2}.Debug|Mixed Platforms.ActiveCfg = Debug|Any CPU
		{F62A91AA-5E83-4BAA-838E-2A609C1321C2}.Debug|Mixed Platforms.Build.0 = Debug|Any CPU
		{F62A91AA-5E83-4BAA-838E-2A609C1321C2}.Debug|Net40.ActiveCfg = Debug|Any CPU
		{F62A91AA-5E83-4BAA-838E-2A609C1321C2}.Debug|Net45.ActiveCfg = Debug|Any CPU
		{F62A91AA-5E83-4BAA-838E-2A609C1321C2}.Release|Any CPU.ActiveCfg = Release|Any CPU
		{F62A91AA-5E83-4BAA-838E-2A609C1321C2}.Release|Any CPU.Build.0 = Release|Any CPU
		{F62A91AA-5E83-4BAA-838E-2A609C1321C2}.Release|Mixed Platforms.ActiveCfg = Release|Any CPU
		{F62A91AA-5E83-4BAA-838E-2A609C1321C2}.Release|Mixed Platforms.Build.0 = Release|Any CPU
		{F62A91AA-5E83-4BAA-838E-2A609C1321C2}.Release|Net40.ActiveCfg = Release|Any CPU
		{F62A91AA-5E83-4BAA-838E-2A609C1321C2}.Release|Net45.ActiveCfg = Release|Any CPU
		{538BA082-F967-4591-B656-F958F1AEFFC4}.Debug|Any CPU.ActiveCfg = Debug|Any CPU
		{538BA082-F967-4591-B656-F958F1AEFFC4}.Debug|Any CPU.Build.0 = Debug|Any CPU
		{538BA082-F967-4591-B656-F958F1AEFFC4}.Debug|Mixed Platforms.ActiveCfg = Debug|Any CPU
		{538BA082-F967-4591-B656-F958F1AEFFC4}.Debug|Mixed Platforms.Build.0 = Debug|Any CPU
		{538BA082-F967-4591-B656-F958F1AEFFC4}.Debug|Net40.ActiveCfg = Debug|Any CPU
		{538BA082-F967-4591-B656-F958F1AEFFC4}.Debug|Net45.ActiveCfg = Debug|Any CPU
		{538BA082-F967-4591-B656-F958F1AEFFC4}.Release|Any CPU.ActiveCfg = Release|Any CPU
		{538BA082-F967-4591-B656-F958F1AEFFC4}.Release|Any CPU.Build.0 = Release|Any CPU
		{538BA082-F967-4591-B656-F958F1AEFFC4}.Release|Mixed Platforms.ActiveCfg = Release|Any CPU
		{538BA082-F967-4591-B656-F958F1AEFFC4}.Release|Mixed Platforms.Build.0 = Release|Any CPU
		{538BA082-F967-4591-B656-F958F1AEFFC4}.Release|Net40.ActiveCfg = Release|Any CPU
		{538BA082-F967-4591-B656-F958F1AEFFC4}.Release|Net45.ActiveCfg = Release|Any CPU
		{887C7D16-0E23-4055-8535-46AA76DD4DEA}.Debug|Any CPU.ActiveCfg = Debug|Any CPU
		{887C7D16-0E23-4055-8535-46AA76DD4DEA}.Debug|Any CPU.Build.0 = Debug|Any CPU
		{887C7D16-0E23-4055-8535-46AA76DD4DEA}.Debug|Mixed Platforms.ActiveCfg = Debug|Any CPU
		{887C7D16-0E23-4055-8535-46AA76DD4DEA}.Debug|Mixed Platforms.Build.0 = Debug|Any CPU
		{887C7D16-0E23-4055-8535-46AA76DD4DEA}.Debug|Net40.ActiveCfg = Debug|Net40
		{887C7D16-0E23-4055-8535-46AA76DD4DEA}.Debug|Net40.Build.0 = Debug|Net40
		{887C7D16-0E23-4055-8535-46AA76DD4DEA}.Debug|Net45.ActiveCfg = Debug|Net45
		{887C7D16-0E23-4055-8535-46AA76DD4DEA}.Debug|Net45.Build.0 = Debug|Net45
		{887C7D16-0E23-4055-8535-46AA76DD4DEA}.Release|Any CPU.ActiveCfg = Release|Any CPU
		{887C7D16-0E23-4055-8535-46AA76DD4DEA}.Release|Any CPU.Build.0 = Release|Any CPU
		{887C7D16-0E23-4055-8535-46AA76DD4DEA}.Release|Mixed Platforms.ActiveCfg = Release|Any CPU
		{887C7D16-0E23-4055-8535-46AA76DD4DEA}.Release|Mixed Platforms.Build.0 = Release|Any CPU
		{887C7D16-0E23-4055-8535-46AA76DD4DEA}.Release|Net40.ActiveCfg = Release|Net40
		{887C7D16-0E23-4055-8535-46AA76DD4DEA}.Release|Net40.Build.0 = Release|Net40
		{887C7D16-0E23-4055-8535-46AA76DD4DEA}.Release|Net45.ActiveCfg = Release|Net45
		{887C7D16-0E23-4055-8535-46AA76DD4DEA}.Release|Net45.Build.0 = Release|Net45
		{8D2F9F27-59FA-4357-982F-803007388FB7}.Debug|Any CPU.ActiveCfg = Debug|Any CPU
		{8D2F9F27-59FA-4357-982F-803007388FB7}.Debug|Any CPU.Build.0 = Debug|Any CPU
		{8D2F9F27-59FA-4357-982F-803007388FB7}.Debug|Mixed Platforms.ActiveCfg = Debug|Any CPU
		{8D2F9F27-59FA-4357-982F-803007388FB7}.Debug|Mixed Platforms.Build.0 = Debug|Any CPU
		{8D2F9F27-59FA-4357-982F-803007388FB7}.Debug|Net40.ActiveCfg = Debug|Any CPU
		{8D2F9F27-59FA-4357-982F-803007388FB7}.Debug|Net45.ActiveCfg = Debug|Any CPU
		{8D2F9F27-59FA-4357-982F-803007388FB7}.Release|Any CPU.ActiveCfg = Release|Any CPU
		{8D2F9F27-59FA-4357-982F-803007388FB7}.Release|Any CPU.Build.0 = Release|Any CPU
		{8D2F9F27-59FA-4357-982F-803007388FB7}.Release|Mixed Platforms.ActiveCfg = Release|Any CPU
		{8D2F9F27-59FA-4357-982F-803007388FB7}.Release|Mixed Platforms.Build.0 = Release|Any CPU
		{8D2F9F27-59FA-4357-982F-803007388FB7}.Release|Net40.ActiveCfg = Release|Any CPU
		{8D2F9F27-59FA-4357-982F-803007388FB7}.Release|Net45.ActiveCfg = Release|Any CPU
		{5E14F771-3B14-422D-8B4C-26D50A7657FC}.Debug|Any CPU.ActiveCfg = Debug|Any CPU
		{5E14F771-3B14-422D-8B4C-26D50A7657FC}.Debug|Any CPU.Build.0 = Debug|Any CPU
		{5E14F771-3B14-422D-8B4C-26D50A7657FC}.Debug|Mixed Platforms.ActiveCfg = Debug|Any CPU
		{5E14F771-3B14-422D-8B4C-26D50A7657FC}.Debug|Mixed Platforms.Build.0 = Debug|Any CPU
		{5E14F771-3B14-422D-8B4C-26D50A7657FC}.Debug|Net40.ActiveCfg = Debug|Any CPU
		{5E14F771-3B14-422D-8B4C-26D50A7657FC}.Debug|Net45.ActiveCfg = Debug|Any CPU
		{5E14F771-3B14-422D-8B4C-26D50A7657FC}.Release|Any CPU.ActiveCfg = Release|Any CPU
		{5E14F771-3B14-422D-8B4C-26D50A7657FC}.Release|Any CPU.Build.0 = Release|Any CPU
		{5E14F771-3B14-422D-8B4C-26D50A7657FC}.Release|Mixed Platforms.ActiveCfg = Release|Any CPU
		{5E14F771-3B14-422D-8B4C-26D50A7657FC}.Release|Mixed Platforms.Build.0 = Release|Any CPU
		{5E14F771-3B14-422D-8B4C-26D50A7657FC}.Release|Net40.ActiveCfg = Release|Any CPU
		{5E14F771-3B14-422D-8B4C-26D50A7657FC}.Release|Net45.ActiveCfg = Release|Any CPU
		{2CC4A798-C7D5-44B8-9F3F-171E2CC051CB}.Debug|Any CPU.ActiveCfg = Debug|Any CPU
		{2CC4A798-C7D5-44B8-9F3F-171E2CC051CB}.Debug|Any CPU.Build.0 = Debug|Any CPU
		{2CC4A798-C7D5-44B8-9F3F-171E2CC051CB}.Debug|Mixed Platforms.ActiveCfg = Debug|Any CPU
		{2CC4A798-C7D5-44B8-9F3F-171E2CC051CB}.Debug|Mixed Platforms.Build.0 = Debug|Any CPU
		{2CC4A798-C7D5-44B8-9F3F-171E2CC051CB}.Debug|Net40.ActiveCfg = Debug|Any CPU
		{2CC4A798-C7D5-44B8-9F3F-171E2CC051CB}.Debug|Net45.ActiveCfg = Debug|Any CPU
		{2CC4A798-C7D5-44B8-9F3F-171E2CC051CB}.Release|Any CPU.ActiveCfg = Release|Any CPU
		{2CC4A798-C7D5-44B8-9F3F-171E2CC051CB}.Release|Any CPU.Build.0 = Release|Any CPU
		{2CC4A798-C7D5-44B8-9F3F-171E2CC051CB}.Release|Mixed Platforms.ActiveCfg = Release|Any CPU
		{2CC4A798-C7D5-44B8-9F3F-171E2CC051CB}.Release|Mixed Platforms.Build.0 = Release|Any CPU
		{2CC4A798-C7D5-44B8-9F3F-171E2CC051CB}.Release|Net40.ActiveCfg = Release|Any CPU
		{2CC4A798-C7D5-44B8-9F3F-171E2CC051CB}.Release|Net45.ActiveCfg = Release|Any CPU
		{94F0C3EA-0212-424B-BC39-67E00AB881EA}.Debug|Any CPU.ActiveCfg = Debug|Any CPU
		{94F0C3EA-0212-424B-BC39-67E00AB881EA}.Debug|Any CPU.Build.0 = Debug|Any CPU
		{94F0C3EA-0212-424B-BC39-67E00AB881EA}.Debug|Mixed Platforms.ActiveCfg = Debug|Any CPU
		{94F0C3EA-0212-424B-BC39-67E00AB881EA}.Debug|Mixed Platforms.Build.0 = Debug|Any CPU
		{94F0C3EA-0212-424B-BC39-67E00AB881EA}.Debug|Net40.ActiveCfg = Debug|Any CPU
		{94F0C3EA-0212-424B-BC39-67E00AB881EA}.Debug|Net45.ActiveCfg = Debug|Any CPU
		{94F0C3EA-0212-424B-BC39-67E00AB881EA}.Release|Any CPU.ActiveCfg = Release|Any CPU
		{94F0C3EA-0212-424B-BC39-67E00AB881EA}.Release|Any CPU.Build.0 = Release|Any CPU
		{94F0C3EA-0212-424B-BC39-67E00AB881EA}.Release|Mixed Platforms.ActiveCfg = Release|Any CPU
		{94F0C3EA-0212-424B-BC39-67E00AB881EA}.Release|Mixed Platforms.Build.0 = Release|Any CPU
		{94F0C3EA-0212-424B-BC39-67E00AB881EA}.Release|Net40.ActiveCfg = Release|Any CPU
		{94F0C3EA-0212-424B-BC39-67E00AB881EA}.Release|Net45.ActiveCfg = Release|Any CPU
		{977ABA39-B89E-437A-9758-7395C68D4EE3}.Debug|Any CPU.ActiveCfg = Debug|Any CPU
		{977ABA39-B89E-437A-9758-7395C68D4EE3}.Debug|Any CPU.Build.0 = Debug|Any CPU
		{977ABA39-B89E-437A-9758-7395C68D4EE3}.Debug|Mixed Platforms.ActiveCfg = Debug|Any CPU
		{977ABA39-B89E-437A-9758-7395C68D4EE3}.Debug|Mixed Platforms.Build.0 = Debug|Any CPU
		{977ABA39-B89E-437A-9758-7395C68D4EE3}.Debug|Net40.ActiveCfg = Debug|Any CPU
		{977ABA39-B89E-437A-9758-7395C68D4EE3}.Debug|Net45.ActiveCfg = Debug|Any CPU
		{977ABA39-B89E-437A-9758-7395C68D4EE3}.Release|Any CPU.ActiveCfg = Release|Any CPU
		{977ABA39-B89E-437A-9758-7395C68D4EE3}.Release|Any CPU.Build.0 = Release|Any CPU
		{977ABA39-B89E-437A-9758-7395C68D4EE3}.Release|Mixed Platforms.ActiveCfg = Release|Any CPU
		{977ABA39-B89E-437A-9758-7395C68D4EE3}.Release|Mixed Platforms.Build.0 = Release|Any CPU
		{977ABA39-B89E-437A-9758-7395C68D4EE3}.Release|Net40.ActiveCfg = Release|Any CPU
		{977ABA39-B89E-437A-9758-7395C68D4EE3}.Release|Net45.ActiveCfg = Release|Any CPU
		{E1E80F09-B342-4CFA-9BFA-9690B9148502}.Debug|Any CPU.ActiveCfg = Debug|Any CPU
		{E1E80F09-B342-4CFA-9BFA-9690B9148502}.Debug|Any CPU.Build.0 = Debug|Any CPU
		{E1E80F09-B342-4CFA-9BFA-9690B9148502}.Debug|Mixed Platforms.ActiveCfg = Debug|Any CPU
		{E1E80F09-B342-4CFA-9BFA-9690B9148502}.Debug|Mixed Platforms.Build.0 = Debug|Any CPU
		{E1E80F09-B342-4CFA-9BFA-9690B9148502}.Debug|Net40.ActiveCfg = Debug|Any CPU
		{E1E80F09-B342-4CFA-9BFA-9690B9148502}.Debug|Net45.ActiveCfg = Debug|Any CPU
		{E1E80F09-B342-4CFA-9BFA-9690B9148502}.Release|Any CPU.ActiveCfg = Release|Any CPU
		{E1E80F09-B342-4CFA-9BFA-9690B9148502}.Release|Any CPU.Build.0 = Release|Any CPU
		{E1E80F09-B342-4CFA-9BFA-9690B9148502}.Release|Mixed Platforms.ActiveCfg = Release|Any CPU
		{E1E80F09-B342-4CFA-9BFA-9690B9148502}.Release|Mixed Platforms.Build.0 = Release|Any CPU
		{E1E80F09-B342-4CFA-9BFA-9690B9148502}.Release|Net40.ActiveCfg = Release|Any CPU
		{E1E80F09-B342-4CFA-9BFA-9690B9148502}.Release|Net45.ActiveCfg = Release|Any CPU
	EndGlobalSection
	GlobalSection(SolutionProperties) = preSolution
		HideSolutionNode = FALSE
	EndGlobalSection
	GlobalSection(NestedProjects) = preSolution
		{F5311886-C6D6-443F-882B-BED1FD77E73A} = {23885097-BE81-43C6-8F13-B2FDD2DD3DC2}
		{BCFF6550-9E25-4350-A9A9-EDE6CC7B9AA4} = {23885097-BE81-43C6-8F13-B2FDD2DD3DC2}
		{F62A91AA-5E83-4BAA-838E-2A609C1321C2} = {23885097-BE81-43C6-8F13-B2FDD2DD3DC2}
		{538BA082-F967-4591-B656-F958F1AEFFC4} = {23885097-BE81-43C6-8F13-B2FDD2DD3DC2}
		{887C7D16-0E23-4055-8535-46AA76DD4DEA} = {AD24E051-CE39-492E-9197-151B51C0C893}
		{8D2F9F27-59FA-4357-982F-803007388FB7} = {89132967-DFF2-4130-B675-9BD48992A68E}
		{8726484B-16D6-487F-84E2-D4EA5BCE46BF} = {A288420E-CE92-438D-9DB5-C16C15CACD1F}
		{5E14F771-3B14-422D-8B4C-26D50A7657FC} = {A288420E-CE92-438D-9DB5-C16C15CACD1F}
		{2CC4A798-C7D5-44B8-9F3F-171E2CC051CB} = {A288420E-CE92-438D-9DB5-C16C15CACD1F}
		{94F0C3EA-0212-424B-BC39-67E00AB881EA} = {A288420E-CE92-438D-9DB5-C16C15CACD1F}
		{977ABA39-B89E-437A-9758-7395C68D4EE3} = {A288420E-CE92-438D-9DB5-C16C15CACD1F}
		{AD24E051-CE39-492E-9197-151B51C0C893} = {A288420E-CE92-438D-9DB5-C16C15CACD1F}
		{E1E80F09-B342-4CFA-9BFA-9690B9148502} = {A288420E-CE92-438D-9DB5-C16C15CACD1F}
	EndGlobalSection
EndGlobal
