
Microsoft Visual Studio Solution File, Format Version 12.00
# Visual Studio 2013
VisualStudioVersion = 12.0.31101.0
MinimumVisualStudioVersion = 10.0.40219.1
Project("{2150E333-8FDC-42A3-9474-1A3956D46DE8}") = "Gui", "Gui", "{23885097-BE81-43C6-8F13-B2FDD2DD3DC2}"
EndProject
Project("{FAE04EC0-301F-11D3-BF4B-00C04F79EFBC}") = "Proximity.Gui", "Proximity.Gui\Source\Proximity.Gui\Proximity.Gui.csproj", "{F5311886-C6D6-443F-882B-BED1FD77E73A}"
EndProject
Project("{FAE04EC0-301F-11D3-BF4B-00C04F79EFBC}") = "Proximity.Gui.GtkSharp", "Proximity.Gui\Source\Proximity.Gui.GtkSharp\Proximity.Gui.GtkSharp.csproj", "{BCFF6550-9E25-4350-A9A9-EDE6CC7B9AA4}"
EndProject
Project("{FAE04EC0-301F-11D3-BF4B-00C04F79EFBC}") = "Proximity.Gui.Wpf", "Proximity.Gui\Source\Proximity.Gui.Wpf\Proximity.Gui.Wpf.csproj", "{F62A91AA-5E83-4BAA-838E-2A609C1321C2}"
EndProject
Project("{FAE04EC0-301F-11D3-BF4B-00C04F79EFBC}") = "Proximity.Gui.WinForms", "Proximity.Gui\Source\Proximity.Gui.WinForms\Proximity.Gui.WinForms.csproj", "{538BA082-F967-4591-B656-F958F1AEFFC4}"
EndProject
Project("{FAE04EC0-301F-11D3-BF4B-00C04F79EFBC}") = "Proximity.Utility", "Proximity.Utility\Source\Proximity.Utility.csproj", "{B003D333-C349-4713-94E2-7B80095D9C0D}"
EndProject
Project("{FAE04EC0-301F-11D3-BF4B-00C04F79EFBC}") = "Proximity.Utility.Tests", "Proximity.Utility\Tests\Proximity.Utility.Tests.csproj", "{887C7D16-0E23-4055-8535-46AA76DD4DEA}"
EndProject
Project("{FAE04EC0-301F-11D3-BF4B-00C04F79EFBC}") = "Proximity.Terminal", "Proximity.Terminal\Source\Proximity.Terminal.csproj", "{8D2F9F27-59FA-4357-982F-803007388FB7}"
EndProject
Project("{2150E333-8FDC-42A3-9474-1A3956D46DE8}") = "Utility", "Utility", "{A288420E-CE92-438D-9DB5-C16C15CACD1F}"
EndProject
Global
	GlobalSection(SolutionConfigurationPlatforms) = preSolution
		Debug|Any CPU = Debug|Any CPU
		Debug|Mixed Platforms = Debug|Mixed Platforms
		Debug|Net40 = Debug|Net40
		Debug|Net45 = Debug|Net45
		DebugPPC|Any CPU = DebugPPC|Any CPU
		DebugPPC|Mixed Platforms = DebugPPC|Mixed Platforms
		DebugPPC|Net40 = DebugPPC|Net40
		DebugPPC|Net45 = DebugPPC|Net45
		Release|Any CPU = Release|Any CPU
		Release|Mixed Platforms = Release|Mixed Platforms
		Release|Net40 = Release|Net40
		Release|Net45 = Release|Net45
		ReleasePPC|Any CPU = ReleasePPC|Any CPU
		ReleasePPC|Mixed Platforms = ReleasePPC|Mixed Platforms
		ReleasePPC|Net40 = ReleasePPC|Net40
		ReleasePPC|Net45 = ReleasePPC|Net45
	EndGlobalSection
	GlobalSection(ProjectConfigurationPlatforms) = postSolution
		{F5311886-C6D6-443F-882B-BED1FD77E73A}.Debug|Any CPU.ActiveCfg = Debug|Any CPU
		{F5311886-C6D6-443F-882B-BED1FD77E73A}.Debug|Any CPU.Build.0 = Debug|Any CPU
		{F5311886-C6D6-443F-882B-BED1FD77E73A}.Debug|Mixed Platforms.ActiveCfg = Debug|Any CPU
		{F5311886-C6D6-443F-882B-BED1FD77E73A}.Debug|Mixed Platforms.Build.0 = Debug|Any CPU
		{F5311886-C6D6-443F-882B-BED1FD77E73A}.Debug|Net40.ActiveCfg = Debug|Any CPU
		{F5311886-C6D6-443F-882B-BED1FD77E73A}.Debug|Net45.ActiveCfg = Debug|Any CPU
		{F5311886-C6D6-443F-882B-BED1FD77E73A}.DebugPPC|Any CPU.ActiveCfg = Debug|Any CPU
		{F5311886-C6D6-443F-882B-BED1FD77E73A}.DebugPPC|Any CPU.Build.0 = Debug|Any CPU
		{F5311886-C6D6-443F-882B-BED1FD77E73A}.DebugPPC|Mixed Platforms.ActiveCfg = Debug|Any CPU
		{F5311886-C6D6-443F-882B-BED1FD77E73A}.DebugPPC|Mixed Platforms.Build.0 = Debug|Any CPU
		{F5311886-C6D6-443F-882B-BED1FD77E73A}.DebugPPC|Net40.ActiveCfg = Debug|Any CPU
		{F5311886-C6D6-443F-882B-BED1FD77E73A}.DebugPPC|Net45.ActiveCfg = Debug|Any CPU
		{F5311886-C6D6-443F-882B-BED1FD77E73A}.Release|Any CPU.ActiveCfg = Release|Any CPU
		{F5311886-C6D6-443F-882B-BED1FD77E73A}.Release|Any CPU.Build.0 = Release|Any CPU
		{F5311886-C6D6-443F-882B-BED1FD77E73A}.Release|Mixed Platforms.ActiveCfg = Release|Any CPU
		{F5311886-C6D6-443F-882B-BED1FD77E73A}.Release|Mixed Platforms.Build.0 = Release|Any CPU
		{F5311886-C6D6-443F-882B-BED1FD77E73A}.Release|Net40.ActiveCfg = Release|Any CPU
		{F5311886-C6D6-443F-882B-BED1FD77E73A}.Release|Net45.ActiveCfg = Release|Any CPU
		{F5311886-C6D6-443F-882B-BED1FD77E73A}.ReleasePPC|Any CPU.ActiveCfg = Release|Any CPU
		{F5311886-C6D6-443F-882B-BED1FD77E73A}.ReleasePPC|Any CPU.Build.0 = Release|Any CPU
		{F5311886-C6D6-443F-882B-BED1FD77E73A}.ReleasePPC|Mixed Platforms.ActiveCfg = Release|Any CPU
		{F5311886-C6D6-443F-882B-BED1FD77E73A}.ReleasePPC|Mixed Platforms.Build.0 = Release|Any CPU
		{F5311886-C6D6-443F-882B-BED1FD77E73A}.ReleasePPC|Net40.ActiveCfg = Release|Any CPU
		{F5311886-C6D6-443F-882B-BED1FD77E73A}.ReleasePPC|Net45.ActiveCfg = Release|Any CPU
		{BCFF6550-9E25-4350-A9A9-EDE6CC7B9AA4}.Debug|Any CPU.ActiveCfg = Debug|Any CPU
		{BCFF6550-9E25-4350-A9A9-EDE6CC7B9AA4}.Debug|Any CPU.Build.0 = Debug|Any CPU
		{BCFF6550-9E25-4350-A9A9-EDE6CC7B9AA4}.Debug|Mixed Platforms.ActiveCfg = Debug|Any CPU
		{BCFF6550-9E25-4350-A9A9-EDE6CC7B9AA4}.Debug|Mixed Platforms.Build.0 = Debug|Any CPU
		{BCFF6550-9E25-4350-A9A9-EDE6CC7B9AA4}.Debug|Net40.ActiveCfg = Debug|Any CPU
		{BCFF6550-9E25-4350-A9A9-EDE6CC7B9AA4}.Debug|Net45.ActiveCfg = Debug|Any CPU
		{BCFF6550-9E25-4350-A9A9-EDE6CC7B9AA4}.DebugPPC|Any CPU.ActiveCfg = Debug|Any CPU
		{BCFF6550-9E25-4350-A9A9-EDE6CC7B9AA4}.DebugPPC|Any CPU.Build.0 = Debug|Any CPU
		{BCFF6550-9E25-4350-A9A9-EDE6CC7B9AA4}.DebugPPC|Mixed Platforms.ActiveCfg = Debug|Any CPU
		{BCFF6550-9E25-4350-A9A9-EDE6CC7B9AA4}.DebugPPC|Mixed Platforms.Build.0 = Debug|Any CPU
		{BCFF6550-9E25-4350-A9A9-EDE6CC7B9AA4}.DebugPPC|Net40.ActiveCfg = Debug|Any CPU
		{BCFF6550-9E25-4350-A9A9-EDE6CC7B9AA4}.DebugPPC|Net45.ActiveCfg = Debug|Any CPU
		{BCFF6550-9E25-4350-A9A9-EDE6CC7B9AA4}.Release|Any CPU.ActiveCfg = Release|Any CPU
		{BCFF6550-9E25-4350-A9A9-EDE6CC7B9AA4}.Release|Any CPU.Build.0 = Release|Any CPU
		{BCFF6550-9E25-4350-A9A9-EDE6CC7B9AA4}.Release|Mixed Platforms.ActiveCfg = Release|Any CPU
		{BCFF6550-9E25-4350-A9A9-EDE6CC7B9AA4}.Release|Mixed Platforms.Build.0 = Release|Any CPU
		{BCFF6550-9E25-4350-A9A9-EDE6CC7B9AA4}.Release|Net40.ActiveCfg = Release|Any CPU
		{BCFF6550-9E25-4350-A9A9-EDE6CC7B9AA4}.Release|Net45.ActiveCfg = Release|Any CPU
		{BCFF6550-9E25-4350-A9A9-EDE6CC7B9AA4}.ReleasePPC|Any CPU.ActiveCfg = Release|Any CPU
		{BCFF6550-9E25-4350-A9A9-EDE6CC7B9AA4}.ReleasePPC|Any CPU.Build.0 = Release|Any CPU
		{BCFF6550-9E25-4350-A9A9-EDE6CC7B9AA4}.ReleasePPC|Mixed Platforms.ActiveCfg = Release|Any CPU
		{BCFF6550-9E25-4350-A9A9-EDE6CC7B9AA4}.ReleasePPC|Mixed Platforms.Build.0 = Release|Any CPU
		{BCFF6550-9E25-4350-A9A9-EDE6CC7B9AA4}.ReleasePPC|Net40.ActiveCfg = Release|Any CPU
		{BCFF6550-9E25-4350-A9A9-EDE6CC7B9AA4}.ReleasePPC|Net45.ActiveCfg = Release|Any CPU
		{F62A91AA-5E83-4BAA-838E-2A609C1321C2}.Debug|Any CPU.ActiveCfg = Debug|Any CPU
		{F62A91AA-5E83-4BAA-838E-2A609C1321C2}.Debug|Any CPU.Build.0 = Debug|Any CPU
		{F62A91AA-5E83-4BAA-838E-2A609C1321C2}.Debug|Mixed Platforms.ActiveCfg = Debug|Any CPU
		{F62A91AA-5E83-4BAA-838E-2A609C1321C2}.Debug|Mixed Platforms.Build.0 = Debug|Any CPU
		{F62A91AA-5E83-4BAA-838E-2A609C1321C2}.Debug|Net40.ActiveCfg = Debug|Any CPU
		{F62A91AA-5E83-4BAA-838E-2A609C1321C2}.Debug|Net45.ActiveCfg = Debug|Any CPU
		{F62A91AA-5E83-4BAA-838E-2A609C1321C2}.DebugPPC|Any CPU.ActiveCfg = Debug|Any CPU
		{F62A91AA-5E83-4BAA-838E-2A609C1321C2}.DebugPPC|Any CPU.Build.0 = Debug|Any CPU
		{F62A91AA-5E83-4BAA-838E-2A609C1321C2}.DebugPPC|Mixed Platforms.ActiveCfg = Debug|Any CPU
		{F62A91AA-5E83-4BAA-838E-2A609C1321C2}.DebugPPC|Mixed Platforms.Build.0 = Debug|Any CPU
		{F62A91AA-5E83-4BAA-838E-2A609C1321C2}.DebugPPC|Net40.ActiveCfg = Debug|Any CPU
		{F62A91AA-5E83-4BAA-838E-2A609C1321C2}.DebugPPC|Net45.ActiveCfg = Debug|Any CPU
		{F62A91AA-5E83-4BAA-838E-2A609C1321C2}.Release|Any CPU.ActiveCfg = Release|Any CPU
		{F62A91AA-5E83-4BAA-838E-2A609C1321C2}.Release|Any CPU.Build.0 = Release|Any CPU
		{F62A91AA-5E83-4BAA-838E-2A609C1321C2}.Release|Mixed Platforms.ActiveCfg = Release|Any CPU
		{F62A91AA-5E83-4BAA-838E-2A609C1321C2}.Release|Mixed Platforms.Build.0 = Release|Any CPU
		{F62A91AA-5E83-4BAA-838E-2A609C1321C2}.Release|Net40.ActiveCfg = Release|Any CPU
		{F62A91AA-5E83-4BAA-838E-2A609C1321C2}.Release|Net45.ActiveCfg = Release|Any CPU
		{F62A91AA-5E83-4BAA-838E-2A609C1321C2}.ReleasePPC|Any CPU.ActiveCfg = Release|Any CPU
		{F62A91AA-5E83-4BAA-838E-2A609C1321C2}.ReleasePPC|Any CPU.Build.0 = Release|Any CPU
		{F62A91AA-5E83-4BAA-838E-2A609C1321C2}.ReleasePPC|Mixed Platforms.ActiveCfg = Release|Any CPU
		{F62A91AA-5E83-4BAA-838E-2A609C1321C2}.ReleasePPC|Mixed Platforms.Build.0 = Release|Any CPU
		{F62A91AA-5E83-4BAA-838E-2A609C1321C2}.ReleasePPC|Net40.ActiveCfg = Release|Any CPU
		{F62A91AA-5E83-4BAA-838E-2A609C1321C2}.ReleasePPC|Net45.ActiveCfg = Release|Any CPU
		{538BA082-F967-4591-B656-F958F1AEFFC4}.Debug|Any CPU.ActiveCfg = Debug|Any CPU
		{538BA082-F967-4591-B656-F958F1AEFFC4}.Debug|Any CPU.Build.0 = Debug|Any CPU
		{538BA082-F967-4591-B656-F958F1AEFFC4}.Debug|Mixed Platforms.ActiveCfg = Debug|Any CPU
		{538BA082-F967-4591-B656-F958F1AEFFC4}.Debug|Mixed Platforms.Build.0 = Debug|Any CPU
		{538BA082-F967-4591-B656-F958F1AEFFC4}.Debug|Net40.ActiveCfg = Debug|Any CPU
		{538BA082-F967-4591-B656-F958F1AEFFC4}.Debug|Net45.ActiveCfg = Debug|Any CPU
		{538BA082-F967-4591-B656-F958F1AEFFC4}.DebugPPC|Any CPU.ActiveCfg = Debug|Any CPU
		{538BA082-F967-4591-B656-F958F1AEFFC4}.DebugPPC|Any CPU.Build.0 = Debug|Any CPU
		{538BA082-F967-4591-B656-F958F1AEFFC4}.DebugPPC|Mixed Platforms.ActiveCfg = Debug|Any CPU
		{538BA082-F967-4591-B656-F958F1AEFFC4}.DebugPPC|Mixed Platforms.Build.0 = Debug|Any CPU
		{538BA082-F967-4591-B656-F958F1AEFFC4}.DebugPPC|Net40.ActiveCfg = Debug|Any CPU
		{538BA082-F967-4591-B656-F958F1AEFFC4}.DebugPPC|Net45.ActiveCfg = Debug|Any CPU
		{538BA082-F967-4591-B656-F958F1AEFFC4}.Release|Any CPU.ActiveCfg = Release|Any CPU
		{538BA082-F967-4591-B656-F958F1AEFFC4}.Release|Any CPU.Build.0 = Release|Any CPU
		{538BA082-F967-4591-B656-F958F1AEFFC4}.Release|Mixed Platforms.ActiveCfg = Release|Any CPU
		{538BA082-F967-4591-B656-F958F1AEFFC4}.Release|Mixed Platforms.Build.0 = Release|Any CPU
		{538BA082-F967-4591-B656-F958F1AEFFC4}.Release|Net40.ActiveCfg = Release|Any CPU
		{538BA082-F967-4591-B656-F958F1AEFFC4}.Release|Net45.ActiveCfg = Release|Any CPU
		{538BA082-F967-4591-B656-F958F1AEFFC4}.ReleasePPC|Any CPU.ActiveCfg = Release|Any CPU
		{538BA082-F967-4591-B656-F958F1AEFFC4}.ReleasePPC|Any CPU.Build.0 = Release|Any CPU
		{538BA082-F967-4591-B656-F958F1AEFFC4}.ReleasePPC|Mixed Platforms.ActiveCfg = Release|Any CPU
		{538BA082-F967-4591-B656-F958F1AEFFC4}.ReleasePPC|Mixed Platforms.Build.0 = Release|Any CPU
		{538BA082-F967-4591-B656-F958F1AEFFC4}.ReleasePPC|Net40.ActiveCfg = Release|Any CPU
		{538BA082-F967-4591-B656-F958F1AEFFC4}.ReleasePPC|Net45.ActiveCfg = Release|Any CPU
		{B003D333-C349-4713-94E2-7B80095D9C0D}.Debug|Any CPU.ActiveCfg = Debug|Net45
		{B003D333-C349-4713-94E2-7B80095D9C0D}.Debug|Any CPU.Build.0 = Debug|Net45
		{B003D333-C349-4713-94E2-7B80095D9C0D}.Debug|Mixed Platforms.ActiveCfg = Debug|Net45
		{B003D333-C349-4713-94E2-7B80095D9C0D}.Debug|Mixed Platforms.Build.0 = Debug|Net45
		{B003D333-C349-4713-94E2-7B80095D9C0D}.Debug|Net40.ActiveCfg = Debug|Net40
		{B003D333-C349-4713-94E2-7B80095D9C0D}.Debug|Net40.Build.0 = Debug|Net40
		{B003D333-C349-4713-94E2-7B80095D9C0D}.Debug|Net45.ActiveCfg = Debug|Net45
		{B003D333-C349-4713-94E2-7B80095D9C0D}.Debug|Net45.Build.0 = Debug|Net45
		{B003D333-C349-4713-94E2-7B80095D9C0D}.DebugPPC|Any CPU.ActiveCfg = DebugPPC|Net40
		{B003D333-C349-4713-94E2-7B80095D9C0D}.DebugPPC|Mixed Platforms.ActiveCfg = DebugPPC|Net40
		{B003D333-C349-4713-94E2-7B80095D9C0D}.DebugPPC|Mixed Platforms.Build.0 = DebugPPC|Net40
		{B003D333-C349-4713-94E2-7B80095D9C0D}.DebugPPC|Net40.ActiveCfg = DebugPPC|Net40
		{B003D333-C349-4713-94E2-7B80095D9C0D}.DebugPPC|Net40.Build.0 = DebugPPC|Net40
		{B003D333-C349-4713-94E2-7B80095D9C0D}.DebugPPC|Net45.ActiveCfg = DebugPPC|Net45
		{B003D333-C349-4713-94E2-7B80095D9C0D}.DebugPPC|Net45.Build.0 = DebugPPC|Net45
		{B003D333-C349-4713-94E2-7B80095D9C0D}.Release|Any CPU.ActiveCfg = Release|Net40
		{B003D333-C349-4713-94E2-7B80095D9C0D}.Release|Mixed Platforms.ActiveCfg = Release|Net45
		{B003D333-C349-4713-94E2-7B80095D9C0D}.Release|Mixed Platforms.Build.0 = Release|Net45
		{B003D333-C349-4713-94E2-7B80095D9C0D}.Release|Net40.ActiveCfg = Release|Net40
		{B003D333-C349-4713-94E2-7B80095D9C0D}.Release|Net40.Build.0 = Release|Net40
		{B003D333-C349-4713-94E2-7B80095D9C0D}.Release|Net45.ActiveCfg = Release|Net45
		{B003D333-C349-4713-94E2-7B80095D9C0D}.Release|Net45.Build.0 = Release|Net45
		{B003D333-C349-4713-94E2-7B80095D9C0D}.ReleasePPC|Any CPU.ActiveCfg = ReleasePPC|Net40
		{B003D333-C349-4713-94E2-7B80095D9C0D}.ReleasePPC|Mixed Platforms.ActiveCfg = ReleasePPC|Net40
		{B003D333-C349-4713-94E2-7B80095D9C0D}.ReleasePPC|Mixed Platforms.Build.0 = ReleasePPC|Net40
		{B003D333-C349-4713-94E2-7B80095D9C0D}.ReleasePPC|Net40.ActiveCfg = ReleasePPC|Net40
		{B003D333-C349-4713-94E2-7B80095D9C0D}.ReleasePPC|Net40.Build.0 = ReleasePPC|Net40
		{B003D333-C349-4713-94E2-7B80095D9C0D}.ReleasePPC|Net45.ActiveCfg = ReleasePPC|Net45
		{B003D333-C349-4713-94E2-7B80095D9C0D}.ReleasePPC|Net45.Build.0 = ReleasePPC|Net45
		{887C7D16-0E23-4055-8535-46AA76DD4DEA}.Debug|Any CPU.ActiveCfg = Debug|Any CPU
		{887C7D16-0E23-4055-8535-46AA76DD4DEA}.Debug|Any CPU.Build.0 = Debug|Any CPU
		{887C7D16-0E23-4055-8535-46AA76DD4DEA}.Debug|Mixed Platforms.ActiveCfg = Debug|Any CPU
		{887C7D16-0E23-4055-8535-46AA76DD4DEA}.Debug|Mixed Platforms.Build.0 = Debug|Any CPU
		{887C7D16-0E23-4055-8535-46AA76DD4DEA}.Debug|Net40.ActiveCfg = Debug|Net40
		{887C7D16-0E23-4055-8535-46AA76DD4DEA}.Debug|Net40.Build.0 = Debug|Net40
		{887C7D16-0E23-4055-8535-46AA76DD4DEA}.Debug|Net45.ActiveCfg = Debug|Net45
		{887C7D16-0E23-4055-8535-46AA76DD4DEA}.Debug|Net45.Build.0 = Debug|Net45
		{887C7D16-0E23-4055-8535-46AA76DD4DEA}.DebugPPC|Any CPU.ActiveCfg = Debug|Any CPU
		{887C7D16-0E23-4055-8535-46AA76DD4DEA}.DebugPPC|Any CPU.Build.0 = Debug|Any CPU
		{887C7D16-0E23-4055-8535-46AA76DD4DEA}.DebugPPC|Mixed Platforms.ActiveCfg = Debug|Any CPU
		{887C7D16-0E23-4055-8535-46AA76DD4DEA}.DebugPPC|Mixed Platforms.Build.0 = Debug|Any CPU
		{887C7D16-0E23-4055-8535-46AA76DD4DEA}.DebugPPC|Net40.ActiveCfg = Debug|Net40
		{887C7D16-0E23-4055-8535-46AA76DD4DEA}.DebugPPC|Net40.Build.0 = Debug|Net40
		{887C7D16-0E23-4055-8535-46AA76DD4DEA}.DebugPPC|Net45.ActiveCfg = Debug|Net45
		{887C7D16-0E23-4055-8535-46AA76DD4DEA}.DebugPPC|Net45.Build.0 = Debug|Net45
		{887C7D16-0E23-4055-8535-46AA76DD4DEA}.Release|Any CPU.ActiveCfg = Release|Any CPU
		{887C7D16-0E23-4055-8535-46AA76DD4DEA}.Release|Any CPU.Build.0 = Release|Any CPU
		{887C7D16-0E23-4055-8535-46AA76DD4DEA}.Release|Mixed Platforms.ActiveCfg = Release|Any CPU
		{887C7D16-0E23-4055-8535-46AA76DD4DEA}.Release|Mixed Platforms.Build.0 = Release|Any CPU
		{887C7D16-0E23-4055-8535-46AA76DD4DEA}.Release|Net40.ActiveCfg = Release|Net40
		{887C7D16-0E23-4055-8535-46AA76DD4DEA}.Release|Net40.Build.0 = Release|Net40
		{887C7D16-0E23-4055-8535-46AA76DD4DEA}.Release|Net45.ActiveCfg = Release|Net45
		{887C7D16-0E23-4055-8535-46AA76DD4DEA}.Release|Net45.Build.0 = Release|Net45
		{887C7D16-0E23-4055-8535-46AA76DD4DEA}.ReleasePPC|Any CPU.ActiveCfg = Release|Any CPU
		{887C7D16-0E23-4055-8535-46AA76DD4DEA}.ReleasePPC|Any CPU.Build.0 = Release|Any CPU
		{887C7D16-0E23-4055-8535-46AA76DD4DEA}.ReleasePPC|Mixed Platforms.ActiveCfg = Release|Any CPU
		{887C7D16-0E23-4055-8535-46AA76DD4DEA}.ReleasePPC|Mixed Platforms.Build.0 = Release|Any CPU
		{887C7D16-0E23-4055-8535-46AA76DD4DEA}.ReleasePPC|Net40.ActiveCfg = Release|Net40
		{887C7D16-0E23-4055-8535-46AA76DD4DEA}.ReleasePPC|Net40.Build.0 = Release|Net40
		{887C7D16-0E23-4055-8535-46AA76DD4DEA}.ReleasePPC|Net45.ActiveCfg = Release|Net45
		{887C7D16-0E23-4055-8535-46AA76DD4DEA}.ReleasePPC|Net45.Build.0 = Release|Net45
		{8D2F9F27-59FA-4357-982F-803007388FB7}.Debug|Any CPU.ActiveCfg = Debug|Any CPU
		{8D2F9F27-59FA-4357-982F-803007388FB7}.Debug|Any CPU.Build.0 = Debug|Any CPU
		{8D2F9F27-59FA-4357-982F-803007388FB7}.Debug|Mixed Platforms.ActiveCfg = Debug|Any CPU
		{8D2F9F27-59FA-4357-982F-803007388FB7}.Debug|Mixed Platforms.Build.0 = Debug|Any CPU
		{8D2F9F27-59FA-4357-982F-803007388FB7}.Debug|Net40.ActiveCfg = Debug|Any CPU
		{8D2F9F27-59FA-4357-982F-803007388FB7}.Debug|Net45.ActiveCfg = Debug|Any CPU
		{8D2F9F27-59FA-4357-982F-803007388FB7}.DebugPPC|Any CPU.ActiveCfg = Debug|Any CPU
		{8D2F9F27-59FA-4357-982F-803007388FB7}.DebugPPC|Any CPU.Build.0 = Debug|Any CPU
		{8D2F9F27-59FA-4357-982F-803007388FB7}.DebugPPC|Mixed Platforms.ActiveCfg = Debug|Any CPU
		{8D2F9F27-59FA-4357-982F-803007388FB7}.DebugPPC|Mixed Platforms.Build.0 = Debug|Any CPU
		{8D2F9F27-59FA-4357-982F-803007388FB7}.DebugPPC|Net40.ActiveCfg = Debug|Any CPU
		{8D2F9F27-59FA-4357-982F-803007388FB7}.DebugPPC|Net45.ActiveCfg = Debug|Any CPU
		{8D2F9F27-59FA-4357-982F-803007388FB7}.Release|Any CPU.ActiveCfg = Release|Any CPU
		{8D2F9F27-59FA-4357-982F-803007388FB7}.Release|Any CPU.Build.0 = Release|Any CPU
		{8D2F9F27-59FA-4357-982F-803007388FB7}.Release|Mixed Platforms.ActiveCfg = Release|Any CPU
		{8D2F9F27-59FA-4357-982F-803007388FB7}.Release|Mixed Platforms.Build.0 = Release|Any CPU
		{8D2F9F27-59FA-4357-982F-803007388FB7}.Release|Net40.ActiveCfg = Release|Any CPU
		{8D2F9F27-59FA-4357-982F-803007388FB7}.Release|Net45.ActiveCfg = Release|Any CPU
		{8D2F9F27-59FA-4357-982F-803007388FB7}.ReleasePPC|Any CPU.ActiveCfg = Release|Any CPU
		{8D2F9F27-59FA-4357-982F-803007388FB7}.ReleasePPC|Any CPU.Build.0 = Release|Any CPU
		{8D2F9F27-59FA-4357-982F-803007388FB7}.ReleasePPC|Mixed Platforms.ActiveCfg = Release|Any CPU
		{8D2F9F27-59FA-4357-982F-803007388FB7}.ReleasePPC|Mixed Platforms.Build.0 = Release|Any CPU
		{8D2F9F27-59FA-4357-982F-803007388FB7}.ReleasePPC|Net40.ActiveCfg = Release|Any CPU
		{8D2F9F27-59FA-4357-982F-803007388FB7}.ReleasePPC|Net45.ActiveCfg = Release|Any CPU
	EndGlobalSection
	GlobalSection(SolutionProperties) = preSolution
		HideSolutionNode = FALSE
	EndGlobalSection
	GlobalSection(NestedProjects) = preSolution
		{F5311886-C6D6-443F-882B-BED1FD77E73A} = {23885097-BE81-43C6-8F13-B2FDD2DD3DC2}
		{BCFF6550-9E25-4350-A9A9-EDE6CC7B9AA4} = {23885097-BE81-43C6-8F13-B2FDD2DD3DC2}
		{F62A91AA-5E83-4BAA-838E-2A609C1321C2} = {23885097-BE81-43C6-8F13-B2FDD2DD3DC2}
		{538BA082-F967-4591-B656-F958F1AEFFC4} = {23885097-BE81-43C6-8F13-B2FDD2DD3DC2}
		{B003D333-C349-4713-94E2-7B80095D9C0D} = {A288420E-CE92-438D-9DB5-C16C15CACD1F}
		{887C7D16-0E23-4055-8535-46AA76DD4DEA} = {A288420E-CE92-438D-9DB5-C16C15CACD1F}
		{8D2F9F27-59FA-4357-982F-803007388FB7} = {A288420E-CE92-438D-9DB5-C16C15CACD1F}
	EndGlobalSection
EndGlobal
