
Microsoft Visual Studio Solution File, Format Version 11.00
# Visual Studio 2010
# SharpDevelop 4.3
Project("{FAE04EC0-301F-11D3-BF4B-00C04F79EFBC}") = "Proximity.Utility", "Source\Proximity.Utility.csproj", "{B003D333-C349-4713-94E2-7B80095D9C0D}"
EndProject
Project("{FAE04EC0-301F-11D3-BF4B-00C04F79EFBC}") = "Proximity.Utility.Tests", "Tests\Proximity.Utility.Tests.csproj", "{887C7D16-0E23-4055-8535-46AA76DD4DEA}"
EndProject
Global
	GlobalSection(SolutionConfigurationPlatforms) = preSolution
		Debug|Any CPU = Debug|Any CPU
		DebugPPC|Any CPU = DebugPPC|Any CPU
		Release|Any CPU = Release|Any CPU
		ReleasePPC|Any CPU = ReleasePPC|Any CPU
	EndGlobalSection
	GlobalSection(ProjectConfigurationPlatforms) = postSolution
		{B003D333-C349-4713-94E2-7B80095D9C0D}.Debug|Any CPU.Build.0 = Debug|Any CPU
		{B003D333-C349-4713-94E2-7B80095D9C0D}.Debug|Any CPU.ActiveCfg = Debug|Any CPU
		{B003D333-C349-4713-94E2-7B80095D9C0D}.DebugPPC|Any CPU.Build.0 = DebugPPC|Any CPU
		{B003D333-C349-4713-94E2-7B80095D9C0D}.DebugPPC|Any CPU.ActiveCfg = DebugPPC|Any CPU
		{B003D333-C349-4713-94E2-7B80095D9C0D}.Release|Any CPU.Build.0 = Release|Any CPU
		{B003D333-C349-4713-94E2-7B80095D9C0D}.Release|Any CPU.ActiveCfg = Release|Any CPU
		{B003D333-C349-4713-94E2-7B80095D9C0D}.ReleasePPC|Any CPU.Build.0 = ReleasePPC|Any CPU
		{B003D333-C349-4713-94E2-7B80095D9C0D}.ReleasePPC|Any CPU.ActiveCfg = ReleasePPC|Any CPU
		{887C7D16-0E23-4055-8535-46AA76DD4DEA}.Debug|Any CPU.Build.0 = Debug|Any CPU
		{887C7D16-0E23-4055-8535-46AA76DD4DEA}.Debug|Any CPU.ActiveCfg = Debug|Any CPU
		{887C7D16-0E23-4055-8535-46AA76DD4DEA}.DebugPPC|Any CPU.Build.0 = Debug|Any CPU
		{887C7D16-0E23-4055-8535-46AA76DD4DEA}.DebugPPC|Any CPU.ActiveCfg = Debug|Any CPU
		{887C7D16-0E23-4055-8535-46AA76DD4DEA}.Release|Any CPU.Build.0 = Release|Any CPU
		{887C7D16-0E23-4055-8535-46AA76DD4DEA}.Release|Any CPU.ActiveCfg = Release|Any CPU
		{887C7D16-0E23-4055-8535-46AA76DD4DEA}.ReleasePPC|Any CPU.Build.0 = Debug|Any CPU
		{887C7D16-0E23-4055-8535-46AA76DD4DEA}.ReleasePPC|Any CPU.ActiveCfg = Debug|Any CPU
	EndGlobalSection
EndGlobal
