
Microsoft Visual Studio Solution File, Format Version 11.00
# Visual Studio 2010
# SharpDevelop 4.4
Project("{FAE04EC0-301F-11D3-BF4B-00C04F79EFBC}") = "Proximity.Utility", "Source\Proximity.Utility.csproj", "{B003D333-C349-4713-94E2-7B80095D9C0D}"
EndProject
Project("{FAE04EC0-301F-11D3-BF4B-00C04F79EFBC}") = "Proximity.Utility.Tests", "Tests\Proximity.Utility.Tests.csproj", "{887C7D16-0E23-4055-8535-46AA76DD4DEA}"
EndProject
Global
	GlobalSection(SolutionConfigurationPlatforms) = preSolution
		Debug|Net45 = Debug|Net45
		DebugPPC|Net45 = DebugPPC|Net45
		Release|Net45 = Release|Net45
		ReleasePPC|Net45 = ReleasePPC|Net45
		Debug|Net40 = Debug|Net40
		DebugPPC|Net40 = DebugPPC|Net40
		Release|Net40 = Release|Net40
		ReleasePPC|Net40 = ReleasePPC|Net40
	EndGlobalSection
	GlobalSection(ProjectConfigurationPlatforms) = postSolution
		{B003D333-C349-4713-94E2-7B80095D9C0D}.Debug|Any CPU.Build.0 = Debug|Net45
		{B003D333-C349-4713-94E2-7B80095D9C0D}.Debug|Net45.Build.0 = Debug|Net45
		{B003D333-C349-4713-94E2-7B80095D9C0D}.DebugPPC|Any CPU.Build.0 = DebugPPC|Net45
		{B003D333-C349-4713-94E2-7B80095D9C0D}.DebugPPC|Net45.Build.0 = DebugPPC|Net45
		{B003D333-C349-4713-94E2-7B80095D9C0D}.Release|Any CPU.Build.0 = Release|Net45
		{B003D333-C349-4713-94E2-7B80095D9C0D}.Release|Net45.Build.0 = Release|Net45
		{B003D333-C349-4713-94E2-7B80095D9C0D}.ReleasePPC|Any CPU.Build.0 = ReleasePPC|Net45
		{B003D333-C349-4713-94E2-7B80095D9C0D}.ReleasePPC|Net45.Build.0 = ReleasePPC|Net45
		{887C7D16-0E23-4055-8535-46AA76DD4DEA}.Debug|Any CPU.Build.0 = Debug|Net45
		{887C7D16-0E23-4055-8535-46AA76DD4DEA}.Debug|Net45.Build.0 = Debug|Net45
		{887C7D16-0E23-4055-8535-46AA76DD4DEA}.DebugPPC|Any CPU.Build.0 = Debug|Net45
		{887C7D16-0E23-4055-8535-46AA76DD4DEA}.DebugPPC|Net45.Build.0 = Debug|Net45
		{887C7D16-0E23-4055-8535-46AA76DD4DEA}.Release|Any CPU.Build.0 = Release|Net45
		{887C7D16-0E23-4055-8535-46AA76DD4DEA}.Release|Net45.Build.0 = Release|Net45
		{887C7D16-0E23-4055-8535-46AA76DD4DEA}.ReleasePPC|Any CPU.Build.0 = Debug|Net45
		{887C7D16-0E23-4055-8535-46AA76DD4DEA}.ReleasePPC|Net45.Build.0 = Debug|Net45
		{887C7D16-0E23-4055-8535-46AA76DD4DEA}.Debug|Net40.Build.0 = Debug|Net40
		{887C7D16-0E23-4055-8535-46AA76DD4DEA}.Debug|Net40.ActiveCfg = Debug|Net40
		{B003D333-C349-4713-94E2-7B80095D9C0D}.Debug|Net40.Build.0 = Debug|Net40
		{B003D333-C349-4713-94E2-7B80095D9C0D}.Debug|Net40.ActiveCfg = Debug|Net40
		{887C7D16-0E23-4055-8535-46AA76DD4DEA}.DebugPPC|Net40.Build.0 = DebugPPC|Net40
		{887C7D16-0E23-4055-8535-46AA76DD4DEA}.DebugPPC|Net40.ActiveCfg = DebugPPC|Net40
		{B003D333-C349-4713-94E2-7B80095D9C0D}.DebugPPC|Net40.Build.0 = DebugPPC|Net40
		{B003D333-C349-4713-94E2-7B80095D9C0D}.DebugPPC|Net40.ActiveCfg = DebugPPC|Net40
		{887C7D16-0E23-4055-8535-46AA76DD4DEA}.Release|Net40.Build.0 = Release|Net40
		{887C7D16-0E23-4055-8535-46AA76DD4DEA}.Release|Net40.ActiveCfg = Release|Net40
		{B003D333-C349-4713-94E2-7B80095D9C0D}.Release|Net40.Build.0 = Release|Net40
		{B003D333-C349-4713-94E2-7B80095D9C0D}.Release|Net40.ActiveCfg = Release|Net40
		{887C7D16-0E23-4055-8535-46AA76DD4DEA}.ReleasePPC|Net40.Build.0 = ReleasePPC|Net40
		{887C7D16-0E23-4055-8535-46AA76DD4DEA}.ReleasePPC|Net40.ActiveCfg = ReleasePPC|Net40
		{B003D333-C349-4713-94E2-7B80095D9C0D}.ReleasePPC|Net40.Build.0 = ReleasePPC|Net40
		{B003D333-C349-4713-94E2-7B80095D9C0D}.ReleasePPC|Net40.ActiveCfg = ReleasePPC|Net40
		{887C7D16-0E23-4055-8535-46AA76DD4DEA}.Debug|Net45.Build.0 = Debug|Net45
		{887C7D16-0E23-4055-8535-46AA76DD4DEA}.Debug|Net45.ActiveCfg = Debug|Net45
		{887C7D16-0E23-4055-8535-46AA76DD4DEA}.DebugPPC|Net45.Build.0 = Debug|Net45
		{887C7D16-0E23-4055-8535-46AA76DD4DEA}.DebugPPC|Net45.ActiveCfg = Debug|Net45
		{887C7D16-0E23-4055-8535-46AA76DD4DEA}.Release|Net45.Build.0 = Release|Net45
		{887C7D16-0E23-4055-8535-46AA76DD4DEA}.Release|Net45.ActiveCfg = Release|Net45
		{887C7D16-0E23-4055-8535-46AA76DD4DEA}.ReleasePPC|Net45.Build.0 = Debug|Net45
		{887C7D16-0E23-4055-8535-46AA76DD4DEA}.ReleasePPC|Net45.ActiveCfg = Debug|Net45
		{B003D333-C349-4713-94E2-7B80095D9C0D}.Debug|Net45.Build.0 = Debug|Net45
		{B003D333-C349-4713-94E2-7B80095D9C0D}.Debug|Net45.ActiveCfg = Debug|Net45
		{B003D333-C349-4713-94E2-7B80095D9C0D}.DebugPPC|Net45.Build.0 = DebugPPC|Net45
		{B003D333-C349-4713-94E2-7B80095D9C0D}.DebugPPC|Net45.ActiveCfg = DebugPPC|Net45
		{B003D333-C349-4713-94E2-7B80095D9C0D}.Release|Net45.Build.0 = Release|Net45
		{B003D333-C349-4713-94E2-7B80095D9C0D}.Release|Net45.ActiveCfg = Release|Net45
		{B003D333-C349-4713-94E2-7B80095D9C0D}.ReleasePPC|Net45.Build.0 = ReleasePPC|Net45
		{B003D333-C349-4713-94E2-7B80095D9C0D}.ReleasePPC|Net45.ActiveCfg = ReleasePPC|Net45
	EndGlobalSection
EndGlobal
